// !$*UTF8*$!
{
	archiveVersion = 1;
	classes = {
	};
	objectVersion = 50;
	objects = {

/* Begin PBXBuildFile section */
		341C622124AF3B9900A509AC /* String.swift in Sources */ = {isa = PBXBuildFile; fileRef = 341C622024AF3B9900A509AC /* String.swift */; };
		341C622524AF4D2300A509AC /* CustomTextField.swift in Sources */ = {isa = PBXBuildFile; fileRef = 341C622424AF4D2300A509AC /* CustomTextField.swift */; };
		341C622A24AF50E300A509AC /* detail.png in Resources */ = {isa = PBXBuildFile; fileRef = 341C622624AF50E300A509AC /* detail.png */; };
		341C622B24AF50E300A509AC /* add.png in Resources */ = {isa = PBXBuildFile; fileRef = 341C622724AF50E300A509AC /* add.png */; };
		341C622C24AF50E300A509AC /* transfer.png in Resources */ = {isa = PBXBuildFile; fileRef = 341C622824AF50E300A509AC /* transfer.png */; };
		341C622D24AF50E300A509AC /* main.png in Resources */ = {isa = PBXBuildFile; fileRef = 341C622924AF50E300A509AC /* main.png */; };
		341C623024AF570F00A509AC /* PickColorView.swift in Sources */ = {isa = PBXBuildFile; fileRef = 341C622F24AF570F00A509AC /* PickColorView.swift */; };
		341C623424AFAF8000A509AC /* DoubleFormatter.swift in Sources */ = {isa = PBXBuildFile; fileRef = 341C623324AFAF8000A509AC /* DoubleFormatter.swift */; };
		341D2D2724A74AD1007C5979 /* UIColor.swift in Sources */ = {isa = PBXBuildFile; fileRef = 341D2D2624A74AD1007C5979 /* UIColor.swift */; };
		3427FAE324A9D4BA006AC3B7 /* Transfer.swift in Sources */ = {isa = PBXBuildFile; fileRef = 3427FAE224A9D4BA006AC3B7 /* Transfer.swift */; };
		3427FAE624A9DF5E006AC3B7 /* TransactionFilter.swift in Sources */ = {isa = PBXBuildFile; fileRef = 3427FAE524A9DF5E006AC3B7 /* TransactionFilter.swift */; };
		342E486624A7E91D004B39D3 /* TransactionProtocols.swift in Sources */ = {isa = PBXBuildFile; fileRef = 342E486524A7E91D004B39D3 /* TransactionProtocols.swift */; };
		342E486824A7E94D004B39D3 /* TransactionPresenter.swift in Sources */ = {isa = PBXBuildFile; fileRef = 342E486724A7E94D004B39D3 /* TransactionPresenter.swift */; };
		342E486B24A7EB51004B39D3 /* TransactionViewController.swift in Sources */ = {isa = PBXBuildFile; fileRef = 342E486924A7EB51004B39D3 /* TransactionViewController.swift */; };
		342E486C24A7EB51004B39D3 /* TransactionViewController.xib in Resources */ = {isa = PBXBuildFile; fileRef = 342E486A24A7EB51004B39D3 /* TransactionViewController.xib */; };
		342E486E24A7ECF1004B39D3 /* TransactionRouter.swift in Sources */ = {isa = PBXBuildFile; fileRef = 342E486D24A7ECF1004B39D3 /* TransactionRouter.swift */; };
		342E487024A7ED2C004B39D3 /* TransactionConfigurator.swift in Sources */ = {isa = PBXBuildFile; fileRef = 342E486F24A7ED2C004B39D3 /* TransactionConfigurator.swift */; };
		3438738824AC87CA00010714 /* NetworkManager.swift in Sources */ = {isa = PBXBuildFile; fileRef = 3438738724AC87CA00010714 /* NetworkManager.swift */; };
		3438738A24AC882D00010714 /* RequestBuilder.swift in Sources */ = {isa = PBXBuildFile; fileRef = 3438738924AC882D00010714 /* RequestBuilder.swift */; };
		3438738D24AC8E8100010714 /* CurrencyConverter.swift in Sources */ = {isa = PBXBuildFile; fileRef = 3438738C24AC8E8100010714 /* CurrencyConverter.swift */; };
		3438738F24AC906C00010714 /* CurrencyRate.swift in Sources */ = {isa = PBXBuildFile; fileRef = 3438738E24AC906C00010714 /* CurrencyRate.swift */; };
		3438739124ACAF0300010714 /* Double.swift in Sources */ = {isa = PBXBuildFile; fileRef = 3438739024ACAF0300010714 /* Double.swift */; };
		3467AD0724AB94D7002A706C /* Progress.swift in Sources */ = {isa = PBXBuildFile; fileRef = 3467AD0624AB94D7002A706C /* Progress.swift */; };
		347F60B624A64D4A0012BB7D /* AddPresenter.swift in Sources */ = {isa = PBXBuildFile; fileRef = 347F60B524A64D4A0012BB7D /* AddPresenter.swift */; };
		347F60B824A64D7D0012BB7D /* AddConfigurator.swift in Sources */ = {isa = PBXBuildFile; fileRef = 347F60B724A64D7D0012BB7D /* AddConfigurator.swift */; };
		347F60BA24A64DBA0012BB7D /* AddProtocols.swift in Sources */ = {isa = PBXBuildFile; fileRef = 347F60B924A64DBA0012BB7D /* AddProtocols.swift */; };
		347F60BC24A64E2B0012BB7D /* AddRouter.swift in Sources */ = {isa = PBXBuildFile; fileRef = 347F60BB24A64E2B0012BB7D /* AddRouter.swift */; };
		347F60BF24A64E670012BB7D /* AddViewController.swift in Sources */ = {isa = PBXBuildFile; fileRef = 347F60BD24A64E670012BB7D /* AddViewController.swift */; };
		347F60C024A64E670012BB7D /* AddViewController.xib in Resources */ = {isa = PBXBuildFile; fileRef = 347F60BE24A64E670012BB7D /* AddViewController.xib */; };
		34922EA524A8BD9E00F0AE9F /* AddTransactionConfigurator.swift in Sources */ = {isa = PBXBuildFile; fileRef = 34922EA424A8BD9E00F0AE9F /* AddTransactionConfigurator.swift */; };
		34922EA724A8BDAE00F0AE9F /* AddTransactionPresenter.swift in Sources */ = {isa = PBXBuildFile; fileRef = 34922EA624A8BDAE00F0AE9F /* AddTransactionPresenter.swift */; };
		34922EA924A8BDB800F0AE9F /* AddTransactionProtocols.swift in Sources */ = {isa = PBXBuildFile; fileRef = 34922EA824A8BDB800F0AE9F /* AddTransactionProtocols.swift */; };
		34922EAB24A8BDC200F0AE9F /* AddTransactionRouter.swift in Sources */ = {isa = PBXBuildFile; fileRef = 34922EAA24A8BDC200F0AE9F /* AddTransactionRouter.swift */; };
		34922EAE24A8BDCF00F0AE9F /* AddTransactionViewController.swift in Sources */ = {isa = PBXBuildFile; fileRef = 34922EAC24A8BDCF00F0AE9F /* AddTransactionViewController.swift */; };
		34922EAF24A8BDCF00F0AE9F /* AddTransactionViewController.xib in Resources */ = {isa = PBXBuildFile; fileRef = 34922EAD24A8BDCF00F0AE9F /* AddTransactionViewController.xib */; };
		34922EB424A8E64300F0AE9F /* ModuleTransitionable.swift in Sources */ = {isa = PBXBuildFile; fileRef = 34922EB324A8E64300F0AE9F /* ModuleTransitionable.swift */; };
		34922EB724A8EBF800F0AE9F /* Date.swift in Sources */ = {isa = PBXBuildFile; fileRef = 34922EB624A8EBF800F0AE9F /* Date.swift */; };
		34922EBC24A8F3B200F0AE9F /* TransactionTableViewCell.swift in Sources */ = {isa = PBXBuildFile; fileRef = 34922EBA24A8F3B200F0AE9F /* TransactionTableViewCell.swift */; };
		34922EBD24A8F3B200F0AE9F /* TransactionTableViewCell.xib in Resources */ = {isa = PBXBuildFile; fileRef = 34922EBB24A8F3B200F0AE9F /* TransactionTableViewCell.xib */; };
		34C24DB924A62C00006AE65E /* ScoreTableViewCell.swift in Sources */ = {isa = PBXBuildFile; fileRef = 34C24DB724A62C00006AE65E /* ScoreTableViewCell.swift */; };
		34C24DBA24A62C00006AE65E /* ScoreTableViewCell.xib in Resources */ = {isa = PBXBuildFile; fileRef = 34C24DB824A62C00006AE65E /* ScoreTableViewCell.xib */; };
		34F2864B24A527A100D7C509 /* AppDelegate.swift in Sources */ = {isa = PBXBuildFile; fileRef = 34F2864A24A527A100D7C509 /* AppDelegate.swift */; };
		34F2865224A527A100D7C509 /* Main.storyboard in Resources */ = {isa = PBXBuildFile; fileRef = 34F2865024A527A100D7C509 /* Main.storyboard */; };
		34F2865424A527A400D7C509 /* Assets.xcassets in Resources */ = {isa = PBXBuildFile; fileRef = 34F2865324A527A400D7C509 /* Assets.xcassets */; };
		34F2865724A527A400D7C509 /* LaunchScreen.storyboard in Resources */ = {isa = PBXBuildFile; fileRef = 34F2865524A527A400D7C509 /* LaunchScreen.storyboard */; };
		34F2866224A52EC700D7C509 /* Support.swift in Sources */ = {isa = PBXBuildFile; fileRef = 34F2866124A52EC700D7C509 /* Support.swift */; };
		34F2866924A5D74100D7C509 /* Score.swift in Sources */ = {isa = PBXBuildFile; fileRef = 34F2866824A5D74100D7C509 /* Score.swift */; };
		34F2866B24A5DA2F00D7C509 /* Currency.swift in Sources */ = {isa = PBXBuildFile; fileRef = 34F2866A24A5DA2F00D7C509 /* Currency.swift */; };
		34F2866D24A5E5FD00D7C509 /* Transaction.swift in Sources */ = {isa = PBXBuildFile; fileRef = 34F2866C24A5E5FD00D7C509 /* Transaction.swift */; };
		34F2866F24A5E62E00D7C509 /* Category.swift in Sources */ = {isa = PBXBuildFile; fileRef = 34F2866E24A5E62E00D7C509 /* Category.swift */; };
		34F2867324A5E87700D7C509 /* ScoreViewController.swift in Sources */ = {isa = PBXBuildFile; fileRef = 34F2867224A5E87700D7C509 /* ScoreViewController.swift */; };
		34F2867624A5EA7200D7C509 /* Protocols.swift in Sources */ = {isa = PBXBuildFile; fileRef = 34F2867524A5EA7200D7C509 /* Protocols.swift */; };
		34F2867F24A5F59A00D7C509 /* ScorePresenter.swift in Sources */ = {isa = PBXBuildFile; fileRef = 34F2867E24A5F59A00D7C509 /* ScorePresenter.swift */; };
		34F2868124A5F62100D7C509 /* ScoreRouter.swift in Sources */ = {isa = PBXBuildFile; fileRef = 34F2868024A5F62100D7C509 /* ScoreRouter.swift */; };
		34F2868324A5F74900D7C509 /* ScoreConfigurator.swift in Sources */ = {isa = PBXBuildFile; fileRef = 34F2868224A5F74900D7C509 /* ScoreConfigurator.swift */; };
		34F2868924A6022D00D7C509 /* UIVIew.swift in Sources */ = {isa = PBXBuildFile; fileRef = 34F2868824A6022D00D7C509 /* UIVIew.swift */; };
		34F2868B24A602F800D7C509 /* TempHistoryStorageService.swift in Sources */ = {isa = PBXBuildFile; fileRef = 34F2868A24A602F800D7C509 /* TempHistoryStorageService.swift */; };
		34F2868F24A6120A00D7C509 /* TempBudgetStorageService.swift in Sources */ = {isa = PBXBuildFile; fileRef = 34F2868E24A6120A00D7C509 /* TempBudgetStorageService.swift */; };
		34F2869124A612BF00D7C509 /* Budget.swift in Sources */ = {isa = PBXBuildFile; fileRef = 34F2869024A612BF00D7C509 /* Budget.swift */; };
/* End PBXBuildFile section */

/* Begin PBXFileReference section */
		341C622024AF3B9900A509AC /* String.swift */ = {isa = PBXFileReference; lastKnownFileType = sourcecode.swift; path = String.swift; sourceTree = "<group>"; };
		341C622424AF4D2300A509AC /* CustomTextField.swift */ = {isa = PBXFileReference; lastKnownFileType = sourcecode.swift; path = CustomTextField.swift; sourceTree = "<group>"; };
		341C622624AF50E300A509AC /* detail.png */ = {isa = PBXFileReference; lastKnownFileType = image.png; path = detail.png; sourceTree = "<group>"; };
		341C622724AF50E300A509AC /* add.png */ = {isa = PBXFileReference; lastKnownFileType = image.png; path = add.png; sourceTree = "<group>"; };
		341C622824AF50E300A509AC /* transfer.png */ = {isa = PBXFileReference; lastKnownFileType = image.png; path = transfer.png; sourceTree = "<group>"; };
		341C622924AF50E300A509AC /* main.png */ = {isa = PBXFileReference; lastKnownFileType = image.png; path = main.png; sourceTree = "<group>"; };
		341C622F24AF570F00A509AC /* PickColorView.swift */ = {isa = PBXFileReference; lastKnownFileType = sourcecode.swift; path = PickColorView.swift; sourceTree = "<group>"; };
		341C623324AFAF8000A509AC /* DoubleFormatter.swift */ = {isa = PBXFileReference; lastKnownFileType = sourcecode.swift; path = DoubleFormatter.swift; sourceTree = "<group>"; };
		341D2D2624A74AD1007C5979 /* UIColor.swift */ = {isa = PBXFileReference; lastKnownFileType = sourcecode.swift; path = UIColor.swift; sourceTree = "<group>"; };
		3427FAE224A9D4BA006AC3B7 /* Transfer.swift */ = {isa = PBXFileReference; lastKnownFileType = sourcecode.swift; path = Transfer.swift; sourceTree = "<group>"; };
		3427FAE524A9DF5E006AC3B7 /* TransactionFilter.swift */ = {isa = PBXFileReference; lastKnownFileType = sourcecode.swift; path = TransactionFilter.swift; sourceTree = "<group>"; };
		342E486524A7E91D004B39D3 /* TransactionProtocols.swift */ = {isa = PBXFileReference; lastKnownFileType = sourcecode.swift; path = TransactionProtocols.swift; sourceTree = "<group>"; };
		342E486724A7E94D004B39D3 /* TransactionPresenter.swift */ = {isa = PBXFileReference; lastKnownFileType = sourcecode.swift; path = TransactionPresenter.swift; sourceTree = "<group>"; };
		342E486924A7EB51004B39D3 /* TransactionViewController.swift */ = {isa = PBXFileReference; lastKnownFileType = sourcecode.swift; path = TransactionViewController.swift; sourceTree = "<group>"; };
		342E486A24A7EB51004B39D3 /* TransactionViewController.xib */ = {isa = PBXFileReference; lastKnownFileType = file.xib; path = TransactionViewController.xib; sourceTree = "<group>"; };
		342E486D24A7ECF1004B39D3 /* TransactionRouter.swift */ = {isa = PBXFileReference; lastKnownFileType = sourcecode.swift; path = TransactionRouter.swift; sourceTree = "<group>"; };
		342E486F24A7ED2C004B39D3 /* TransactionConfigurator.swift */ = {isa = PBXFileReference; lastKnownFileType = sourcecode.swift; path = TransactionConfigurator.swift; sourceTree = "<group>"; };
		3438738724AC87CA00010714 /* NetworkManager.swift */ = {isa = PBXFileReference; fileEncoding = 4; lastKnownFileType = sourcecode.swift; path = NetworkManager.swift; sourceTree = "<group>"; };
		3438738924AC882D00010714 /* RequestBuilder.swift */ = {isa = PBXFileReference; fileEncoding = 4; lastKnownFileType = sourcecode.swift; path = RequestBuilder.swift; sourceTree = "<group>"; };
		3438738C24AC8E8100010714 /* CurrencyConverter.swift */ = {isa = PBXFileReference; lastKnownFileType = sourcecode.swift; path = CurrencyConverter.swift; sourceTree = "<group>"; };
		3438738E24AC906C00010714 /* CurrencyRate.swift */ = {isa = PBXFileReference; lastKnownFileType = sourcecode.swift; path = CurrencyRate.swift; sourceTree = "<group>"; };
		3438739024ACAF0300010714 /* Double.swift */ = {isa = PBXFileReference; lastKnownFileType = sourcecode.swift; path = Double.swift; sourceTree = "<group>"; };
		3467AD0624AB94D7002A706C /* Progress.swift */ = {isa = PBXFileReference; lastKnownFileType = sourcecode.swift; path = Progress.swift; sourceTree = "<group>"; };
		347F60B524A64D4A0012BB7D /* AddPresenter.swift */ = {isa = PBXFileReference; lastKnownFileType = sourcecode.swift; path = AddPresenter.swift; sourceTree = "<group>"; };
		347F60B724A64D7D0012BB7D /* AddConfigurator.swift */ = {isa = PBXFileReference; lastKnownFileType = sourcecode.swift; path = AddConfigurator.swift; sourceTree = "<group>"; };
		347F60B924A64DBA0012BB7D /* AddProtocols.swift */ = {isa = PBXFileReference; lastKnownFileType = sourcecode.swift; path = AddProtocols.swift; sourceTree = "<group>"; };
		347F60BB24A64E2B0012BB7D /* AddRouter.swift */ = {isa = PBXFileReference; lastKnownFileType = sourcecode.swift; path = AddRouter.swift; sourceTree = "<group>"; };
		347F60BD24A64E670012BB7D /* AddViewController.swift */ = {isa = PBXFileReference; lastKnownFileType = sourcecode.swift; path = AddViewController.swift; sourceTree = "<group>"; };
		347F60BE24A64E670012BB7D /* AddViewController.xib */ = {isa = PBXFileReference; lastKnownFileType = file.xib; path = AddViewController.xib; sourceTree = "<group>"; };
		34922EA424A8BD9E00F0AE9F /* AddTransactionConfigurator.swift */ = {isa = PBXFileReference; lastKnownFileType = sourcecode.swift; path = AddTransactionConfigurator.swift; sourceTree = "<group>"; };
		34922EA624A8BDAE00F0AE9F /* AddTransactionPresenter.swift */ = {isa = PBXFileReference; lastKnownFileType = sourcecode.swift; path = AddTransactionPresenter.swift; sourceTree = "<group>"; };
		34922EA824A8BDB800F0AE9F /* AddTransactionProtocols.swift */ = {isa = PBXFileReference; lastKnownFileType = sourcecode.swift; path = AddTransactionProtocols.swift; sourceTree = "<group>"; };
		34922EAA24A8BDC200F0AE9F /* AddTransactionRouter.swift */ = {isa = PBXFileReference; lastKnownFileType = sourcecode.swift; path = AddTransactionRouter.swift; sourceTree = "<group>"; };
		34922EAC24A8BDCF00F0AE9F /* AddTransactionViewController.swift */ = {isa = PBXFileReference; lastKnownFileType = sourcecode.swift; path = AddTransactionViewController.swift; sourceTree = "<group>"; };
		34922EAD24A8BDCF00F0AE9F /* AddTransactionViewController.xib */ = {isa = PBXFileReference; lastKnownFileType = file.xib; path = AddTransactionViewController.xib; sourceTree = "<group>"; };
		34922EB324A8E64300F0AE9F /* ModuleTransitionable.swift */ = {isa = PBXFileReference; fileEncoding = 4; lastKnownFileType = sourcecode.swift; path = ModuleTransitionable.swift; sourceTree = "<group>"; };
		34922EB624A8EBF800F0AE9F /* Date.swift */ = {isa = PBXFileReference; lastKnownFileType = sourcecode.swift; path = Date.swift; sourceTree = "<group>"; };
		34922EBA24A8F3B200F0AE9F /* TransactionTableViewCell.swift */ = {isa = PBXFileReference; lastKnownFileType = sourcecode.swift; path = TransactionTableViewCell.swift; sourceTree = "<group>"; };
		34922EBB24A8F3B200F0AE9F /* TransactionTableViewCell.xib */ = {isa = PBXFileReference; lastKnownFileType = file.xib; path = TransactionTableViewCell.xib; sourceTree = "<group>"; };
		34C24DB724A62C00006AE65E /* ScoreTableViewCell.swift */ = {isa = PBXFileReference; lastKnownFileType = sourcecode.swift; path = ScoreTableViewCell.swift; sourceTree = "<group>"; };
		34C24DB824A62C00006AE65E /* ScoreTableViewCell.xib */ = {isa = PBXFileReference; lastKnownFileType = file.xib; path = ScoreTableViewCell.xib; sourceTree = "<group>"; };
		34F2864724A527A100D7C509 /* myBudget.app */ = {isa = PBXFileReference; explicitFileType = wrapper.application; includeInIndex = 0; path = myBudget.app; sourceTree = BUILT_PRODUCTS_DIR; };
		34F2864A24A527A100D7C509 /* AppDelegate.swift */ = {isa = PBXFileReference; lastKnownFileType = sourcecode.swift; path = AppDelegate.swift; sourceTree = "<group>"; };
		34F2865124A527A100D7C509 /* Base */ = {isa = PBXFileReference; lastKnownFileType = file.storyboard; name = Base; path = Base.lproj/Main.storyboard; sourceTree = "<group>"; };
		34F2865324A527A400D7C509 /* Assets.xcassets */ = {isa = PBXFileReference; lastKnownFileType = folder.assetcatalog; path = Assets.xcassets; sourceTree = "<group>"; };
		34F2865624A527A400D7C509 /* Base */ = {isa = PBXFileReference; lastKnownFileType = file.storyboard; name = Base; path = Base.lproj/LaunchScreen.storyboard; sourceTree = "<group>"; };
		34F2865824A527A400D7C509 /* Info.plist */ = {isa = PBXFileReference; lastKnownFileType = text.plist.xml; path = Info.plist; sourceTree = "<group>"; };
		34F2866124A52EC700D7C509 /* Support.swift */ = {isa = PBXFileReference; lastKnownFileType = sourcecode.swift; path = Support.swift; sourceTree = "<group>"; };
		34F2866824A5D74100D7C509 /* Score.swift */ = {isa = PBXFileReference; lastKnownFileType = sourcecode.swift; path = Score.swift; sourceTree = "<group>"; };
		34F2866A24A5DA2F00D7C509 /* Currency.swift */ = {isa = PBXFileReference; lastKnownFileType = sourcecode.swift; path = Currency.swift; sourceTree = "<group>"; };
		34F2866C24A5E5FD00D7C509 /* Transaction.swift */ = {isa = PBXFileReference; lastKnownFileType = sourcecode.swift; path = Transaction.swift; sourceTree = "<group>"; };
		34F2866E24A5E62E00D7C509 /* Category.swift */ = {isa = PBXFileReference; lastKnownFileType = sourcecode.swift; path = Category.swift; sourceTree = "<group>"; };
		34F2867224A5E87700D7C509 /* ScoreViewController.swift */ = {isa = PBXFileReference; lastKnownFileType = sourcecode.swift; path = ScoreViewController.swift; sourceTree = "<group>"; };
		34F2867524A5EA7200D7C509 /* Protocols.swift */ = {isa = PBXFileReference; lastKnownFileType = sourcecode.swift; path = Protocols.swift; sourceTree = "<group>"; };
		34F2867E24A5F59A00D7C509 /* ScorePresenter.swift */ = {isa = PBXFileReference; lastKnownFileType = sourcecode.swift; path = ScorePresenter.swift; sourceTree = "<group>"; };
		34F2868024A5F62100D7C509 /* ScoreRouter.swift */ = {isa = PBXFileReference; lastKnownFileType = sourcecode.swift; path = ScoreRouter.swift; sourceTree = "<group>"; };
		34F2868224A5F74900D7C509 /* ScoreConfigurator.swift */ = {isa = PBXFileReference; lastKnownFileType = sourcecode.swift; path = ScoreConfigurator.swift; sourceTree = "<group>"; };
		34F2868824A6022D00D7C509 /* UIVIew.swift */ = {isa = PBXFileReference; lastKnownFileType = sourcecode.swift; path = UIVIew.swift; sourceTree = "<group>"; };
		34F2868A24A602F800D7C509 /* TempHistoryStorageService.swift */ = {isa = PBXFileReference; lastKnownFileType = sourcecode.swift; path = TempHistoryStorageService.swift; sourceTree = "<group>"; };
		34F2868E24A6120A00D7C509 /* TempBudgetStorageService.swift */ = {isa = PBXFileReference; lastKnownFileType = sourcecode.swift; path = TempBudgetStorageService.swift; sourceTree = "<group>"; };
		34F2869024A612BF00D7C509 /* Budget.swift */ = {isa = PBXFileReference; lastKnownFileType = sourcecode.swift; path = Budget.swift; sourceTree = "<group>"; };
/* End PBXFileReference section */

/* Begin PBXFrameworksBuildPhase section */
		34F2864424A527A100D7C509 /* Frameworks */ = {
			isa = PBXFrameworksBuildPhase;
			buildActionMask = 2147483647;
			files = (
			);
			runOnlyForDeploymentPostprocessing = 0;
		};
/* End PBXFrameworksBuildPhase section */

/* Begin PBXGroup section */
		341C622324AF4D0700A509AC /* Class */ = {
			isa = PBXGroup;
			children = (
				341C622424AF4D2300A509AC /* CustomTextField.swift */,
				341C622F24AF570F00A509AC /* PickColorView.swift */,
			);
			path = Class;
			sourceTree = "<group>";
		};
		341C622E24AF50EE00A509AC /* Screenshots */ = {
			isa = PBXGroup;
			children = (
				341C622724AF50E300A509AC /* add.png */,
				341C622624AF50E300A509AC /* detail.png */,
				341C622924AF50E300A509AC /* main.png */,
				341C622824AF50E300A509AC /* transfer.png */,
			);
			path = Screenshots;
			sourceTree = "<group>";
		};
		3427FAE424A9DF44006AC3B7 /* Transaction */ = {
			isa = PBXGroup;
			children = (
				3427FAE224A9D4BA006AC3B7 /* Transfer.swift */,
				3427FAE524A9DF5E006AC3B7 /* TransactionFilter.swift */,
			);
			path = Transaction;
			sourceTree = "<group>";
		};
		342E485F24A7E8AE004B39D3 /* TransactionModule */ = {
			isa = PBXGroup;
			children = (
				342E486324A7E8D3004B39D3 /* Protocols */,
				342E486224A7E8D3004B39D3 /* Presenter */,
				342E486124A7E8D3004B39D3 /* View */,
				342E486424A7E8D3004B39D3 /* Router */,
				342E486024A7E8D3004B39D3 /* Configurator */,
			);
			path = TransactionModule;
			sourceTree = "<group>";
		};
		342E486024A7E8D3004B39D3 /* Configurator */ = {
			isa = PBXGroup;
			children = (
				342E486F24A7ED2C004B39D3 /* TransactionConfigurator.swift */,
			);
			path = Configurator;
			sourceTree = "<group>";
		};
		342E486124A7E8D3004B39D3 /* View */ = {
			isa = PBXGroup;
			children = (
				342E486924A7EB51004B39D3 /* TransactionViewController.swift */,
				342E486A24A7EB51004B39D3 /* TransactionViewController.xib */,
				34922EBA24A8F3B200F0AE9F /* TransactionTableViewCell.swift */,
				34922EBB24A8F3B200F0AE9F /* TransactionTableViewCell.xib */,
			);
			path = View;
			sourceTree = "<group>";
		};
		342E486224A7E8D3004B39D3 /* Presenter */ = {
			isa = PBXGroup;
			children = (
				342E486724A7E94D004B39D3 /* TransactionPresenter.swift */,
			);
			path = Presenter;
			sourceTree = "<group>";
		};
		342E486324A7E8D3004B39D3 /* Protocols */ = {
			isa = PBXGroup;
			children = (
				342E486524A7E91D004B39D3 /* TransactionProtocols.swift */,
			);
			path = Protocols;
			sourceTree = "<group>";
		};
		342E486424A7E8D3004B39D3 /* Router */ = {
			isa = PBXGroup;
			children = (
				342E486D24A7ECF1004B39D3 /* TransactionRouter.swift */,
			);
			path = Router;
			sourceTree = "<group>";
		};
		3438738B24AC8E5C00010714 /* CurrencyService */ = {
			isa = PBXGroup;
			children = (
				3438738C24AC8E8100010714 /* CurrencyConverter.swift */,
			);
			path = CurrencyService;
			sourceTree = "<group>";
		};
		3467AD0824AB9599002A706C /* Network */ = {
			isa = PBXGroup;
			children = (
				34F2866124A52EC700D7C509 /* Support.swift */,
				3438738724AC87CA00010714 /* NetworkManager.swift */,
				3438738924AC882D00010714 /* RequestBuilder.swift */,
			);
			path = Network;
			sourceTree = "<group>";
		};
		3467AD0D24ABB45A002A706C /* ColorService */ = {
			isa = PBXGroup;
			children = (
			);
			path = ColorService;
			sourceTree = "<group>";
		};
		34922E9E24A8BD6A00F0AE9F /* AddTransactionModule */ = {
			isa = PBXGroup;
			children = (
				34922EA224A8BD8100F0AE9F /* Protocols */,
				34922EA124A8BD8100F0AE9F /* Presenter */,
				34922EA324A8BD8200F0AE9F /* View */,
				34922EA024A8BD8100F0AE9F /* Router */,
				34922E9F24A8BD8100F0AE9F /* Configurator */,
			);
			path = AddTransactionModule;
			sourceTree = "<group>";
		};
		34922E9F24A8BD8100F0AE9F /* Configurator */ = {
			isa = PBXGroup;
			children = (
				34922EA424A8BD9E00F0AE9F /* AddTransactionConfigurator.swift */,
			);
			path = Configurator;
			sourceTree = "<group>";
		};
		34922EA024A8BD8100F0AE9F /* Router */ = {
			isa = PBXGroup;
			children = (
				34922EAA24A8BDC200F0AE9F /* AddTransactionRouter.swift */,
			);
			path = Router;
			sourceTree = "<group>";
		};
		34922EA124A8BD8100F0AE9F /* Presenter */ = {
			isa = PBXGroup;
			children = (
				34922EA624A8BDAE00F0AE9F /* AddTransactionPresenter.swift */,
			);
			path = Presenter;
			sourceTree = "<group>";
		};
		34922EA224A8BD8100F0AE9F /* Protocols */ = {
			isa = PBXGroup;
			children = (
				34922EA824A8BDB800F0AE9F /* AddTransactionProtocols.swift */,
			);
			path = Protocols;
			sourceTree = "<group>";
		};
		34922EA324A8BD8200F0AE9F /* View */ = {
			isa = PBXGroup;
			children = (
				34922EAC24A8BDCF00F0AE9F /* AddTransactionViewController.swift */,
				34922EAD24A8BDCF00F0AE9F /* AddTransactionViewController.xib */,
			);
			path = View;
			sourceTree = "<group>";
		};
		34922EB224A8E62500F0AE9F /* Basic */ = {
			isa = PBXGroup;
			children = (
				34922EB524A8E64C00F0AE9F /* Protocols */,
				341C622324AF4D0700A509AC /* Class */,
			);
			path = Basic;
			sourceTree = "<group>";
		};
		34922EB524A8E64C00F0AE9F /* Protocols */ = {
			isa = PBXGroup;
			children = (
				34922EB324A8E64300F0AE9F /* ModuleTransitionable.swift */,
			);
			path = Protocols;
			sourceTree = "<group>";
		};
		34C24DBB24A64C01006AE65E /* AddModule */ = {
			isa = PBXGroup;
			children = (
				34C24DBE24A64CA2006AE65E /* Protocols */,
				34C24DBC24A64CA2006AE65E /* Presenter */,
				34C24DC024A64CA2006AE65E /* View */,
				34C24DC624A64CA2006AE65E /* Router */,
				34C24DC424A64CA2006AE65E /* Configurator */,
			);
			path = AddModule;
			sourceTree = "<group>";
		};
		34C24DBC24A64CA2006AE65E /* Presenter */ = {
			isa = PBXGroup;
			children = (
				347F60B524A64D4A0012BB7D /* AddPresenter.swift */,
			);
			path = Presenter;
			sourceTree = "<group>";
		};
		34C24DBE24A64CA2006AE65E /* Protocols */ = {
			isa = PBXGroup;
			children = (
				347F60B924A64DBA0012BB7D /* AddProtocols.swift */,
			);
			path = Protocols;
			sourceTree = "<group>";
		};
		34C24DC024A64CA2006AE65E /* View */ = {
			isa = PBXGroup;
			children = (
				347F60BD24A64E670012BB7D /* AddViewController.swift */,
				347F60BE24A64E670012BB7D /* AddViewController.xib */,
			);
			path = View;
			sourceTree = "<group>";
		};
		34C24DC424A64CA2006AE65E /* Configurator */ = {
			isa = PBXGroup;
			children = (
				347F60B724A64D7D0012BB7D /* AddConfigurator.swift */,
			);
			path = Configurator;
			sourceTree = "<group>";
		};
		34C24DC624A64CA2006AE65E /* Router */ = {
			isa = PBXGroup;
			children = (
				347F60BB24A64E2B0012BB7D /* AddRouter.swift */,
			);
			path = Router;
			sourceTree = "<group>";
		};
		34F2863E24A527A100D7C509 = {
			isa = PBXGroup;
			children = (
				34F2864924A527A100D7C509 /* myBudget */,
				34F2864824A527A100D7C509 /* Products */,
			);
			sourceTree = "<group>";
		};
		34F2864824A527A100D7C509 /* Products */ = {
			isa = PBXGroup;
			children = (
				34F2864724A527A100D7C509 /* myBudget.app */,
			);
			name = Products;
			sourceTree = "<group>";
		};
		34F2864924A527A100D7C509 /* myBudget */ = {
			isa = PBXGroup;
			children = (
				34F2868624A6021100D7C509 /* Library */,
				34922EB224A8E62500F0AE9F /* Basic */,
				34F2866024A52DFD00D7C509 /* Service */,
				34F2868C24A60FAA00D7C509 /* Model */,
				34F2867024A5E84500D7C509 /* ScoreModule */,
				34C24DBB24A64C01006AE65E /* AddModule */,
				342E485F24A7E8AE004B39D3 /* TransactionModule */,
				34922E9E24A8BD6A00F0AE9F /* AddTransactionModule */,
				34F2865F24A528DD00D7C509 /* Resource */,
				34F2865E24A5283000D7C509 /* Application */,
			);
			path = myBudget;
			sourceTree = "<group>";
		};
		34F2865E24A5283000D7C509 /* Application */ = {
			isa = PBXGroup;
			children = (
				34F2864A24A527A100D7C509 /* AppDelegate.swift */,
				34F2865024A527A100D7C509 /* Main.storyboard */,
				34F2865524A527A400D7C509 /* LaunchScreen.storyboard */,
				34F2865824A527A400D7C509 /* Info.plist */,
			);
			path = Application;
			sourceTree = "<group>";
		};
		34F2865F24A528DD00D7C509 /* Resource */ = {
			isa = PBXGroup;
			children = (
				341C622E24AF50EE00A509AC /* Screenshots */,
				34F2865324A527A400D7C509 /* Assets.xcassets */,
			);
			path = Resource;
			sourceTree = "<group>";
		};
		34F2866024A52DFD00D7C509 /* Service */ = {
			isa = PBXGroup;
			children = (
				34F2866724A5D72700D7C509 /* Count */,
				34F2868D24A611DC00D7C509 /* StorageService */,
				3427FAE424A9DF44006AC3B7 /* Transaction */,
				3467AD0824AB9599002A706C /* Network */,
				3467AD0D24ABB45A002A706C /* ColorService */,
				3438738B24AC8E5C00010714 /* CurrencyService */,
				3467AD0624AB94D7002A706C /* Progress.swift */,
				341C623324AFAF8000A509AC /* DoubleFormatter.swift */,
			);
			path = Service;
			sourceTree = "<group>";
		};
		34F2866724A5D72700D7C509 /* Count */ = {
			isa = PBXGroup;
			children = (
				34F2866824A5D74100D7C509 /* Score.swift */,
			);
			path = Count;
			sourceTree = "<group>";
		};
		34F2867024A5E84500D7C509 /* ScoreModule */ = {
			isa = PBXGroup;
			children = (
				34F2867424A5EA6300D7C509 /* Protocols */,
				34F2867C24A5F50C00D7C509 /* Presenter */,
				34F2867124A5E86100D7C509 /* View */,
				34F2867D24A5F52C00D7C509 /* Router */,
				34F2867B24A5F4F200D7C509 /* Configurator */,
			);
			path = ScoreModule;
			sourceTree = "<group>";
		};
		34F2867124A5E86100D7C509 /* View */ = {
			isa = PBXGroup;
			children = (
				34F2867224A5E87700D7C509 /* ScoreViewController.swift */,
				34C24DB724A62C00006AE65E /* ScoreTableViewCell.swift */,
				34C24DB824A62C00006AE65E /* ScoreTableViewCell.xib */,
			);
			path = View;
			sourceTree = "<group>";
		};
		34F2867424A5EA6300D7C509 /* Protocols */ = {
			isa = PBXGroup;
			children = (
				34F2867524A5EA7200D7C509 /* Protocols.swift */,
			);
			path = Protocols;
			sourceTree = "<group>";
		};
		34F2867B24A5F4F200D7C509 /* Configurator */ = {
			isa = PBXGroup;
			children = (
				34F2868224A5F74900D7C509 /* ScoreConfigurator.swift */,
			);
			path = Configurator;
			sourceTree = "<group>";
		};
		34F2867C24A5F50C00D7C509 /* Presenter */ = {
			isa = PBXGroup;
			children = (
				34F2867E24A5F59A00D7C509 /* ScorePresenter.swift */,
			);
			path = Presenter;
			sourceTree = "<group>";
		};
		34F2867D24A5F52C00D7C509 /* Router */ = {
			isa = PBXGroup;
			children = (
				34F2868024A5F62100D7C509 /* ScoreRouter.swift */,
			);
			path = Router;
			sourceTree = "<group>";
		};
		34F2868624A6021100D7C509 /* Library */ = {
			isa = PBXGroup;
			children = (
				34F2868724A6021D00D7C509 /* Extensions */,
			);
			path = Library;
			sourceTree = "<group>";
		};
		34F2868724A6021D00D7C509 /* Extensions */ = {
			isa = PBXGroup;
			children = (
				34F2868824A6022D00D7C509 /* UIVIew.swift */,
				341D2D2624A74AD1007C5979 /* UIColor.swift */,
				34922EB624A8EBF800F0AE9F /* Date.swift */,
				3438739024ACAF0300010714 /* Double.swift */,
				341C622024AF3B9900A509AC /* String.swift */,
			);
			path = Extensions;
			sourceTree = "<group>";
		};
		34F2868C24A60FAA00D7C509 /* Model */ = {
			isa = PBXGroup;
			children = (
				34F2866C24A5E5FD00D7C509 /* Transaction.swift */,
				34F2866E24A5E62E00D7C509 /* Category.swift */,
				34F2866A24A5DA2F00D7C509 /* Currency.swift */,
				34F2869024A612BF00D7C509 /* Budget.swift */,
				3438738E24AC906C00010714 /* CurrencyRate.swift */,
			);
			path = Model;
			sourceTree = "<group>";
		};
		34F2868D24A611DC00D7C509 /* StorageService */ = {
			isa = PBXGroup;
			children = (
				34F2868A24A602F800D7C509 /* TempHistoryStorageService.swift */,
				34F2868E24A6120A00D7C509 /* TempBudgetStorageService.swift */,
			);
			path = StorageService;
			sourceTree = "<group>";
		};
/* End PBXGroup section */

/* Begin PBXNativeTarget section */
		34F2864624A527A100D7C509 /* myBudget */ = {
			isa = PBXNativeTarget;
			buildConfigurationList = 34F2865B24A527A400D7C509 /* Build configuration list for PBXNativeTarget "myBudget" */;
			buildPhases = (
				34F2864324A527A100D7C509 /* Sources */,
				34F2864424A527A100D7C509 /* Frameworks */,
				34F2864524A527A100D7C509 /* Resources */,
			);
			buildRules = (
			);
			dependencies = (
			);
			name = myBudget;
			productName = myBudget;
			productReference = 34F2864724A527A100D7C509 /* myBudget.app */;
			productType = "com.apple.product-type.application";
		};
/* End PBXNativeTarget section */

/* Begin PBXProject section */
		34F2863F24A527A100D7C509 /* Project object */ = {
			isa = PBXProject;
			attributes = {
				LastSwiftUpdateCheck = 1130;
				LastUpgradeCheck = 1130;
				ORGANIZATIONNAME = fivecoil;
				TargetAttributes = {
					34F2864624A527A100D7C509 = {
						CreatedOnToolsVersion = 11.3;
					};
				};
			};
			buildConfigurationList = 34F2864224A527A100D7C509 /* Build configuration list for PBXProject "myBudget" */;
			compatibilityVersion = "Xcode 9.3";
			developmentRegion = en;
			hasScannedForEncodings = 0;
			knownRegions = (
				en,
				Base,
			);
			mainGroup = 34F2863E24A527A100D7C509;
			productRefGroup = 34F2864824A527A100D7C509 /* Products */;
			projectDirPath = "";
			projectRoot = "";
			targets = (
				34F2864624A527A100D7C509 /* myBudget */,
			);
		};
/* End PBXProject section */

/* Begin PBXResourcesBuildPhase section */
		34F2864524A527A100D7C509 /* Resources */ = {
			isa = PBXResourcesBuildPhase;
			buildActionMask = 2147483647;
			files = (
				34F2865724A527A400D7C509 /* LaunchScreen.storyboard in Resources */,
				34F2865424A527A400D7C509 /* Assets.xcassets in Resources */,
				347F60C024A64E670012BB7D /* AddViewController.xib in Resources */,
				341C622C24AF50E300A509AC /* transfer.png in Resources */,
				341C622B24AF50E300A509AC /* add.png in Resources */,
				34C24DBA24A62C00006AE65E /* ScoreTableViewCell.xib in Resources */,
				34922EAF24A8BDCF00F0AE9F /* AddTransactionViewController.xib in Resources */,
				34F2865224A527A100D7C509 /* Main.storyboard in Resources */,
				341C622D24AF50E300A509AC /* main.png in Resources */,
				34922EBD24A8F3B200F0AE9F /* TransactionTableViewCell.xib in Resources */,
				342E486C24A7EB51004B39D3 /* TransactionViewController.xib in Resources */,
				341C622A24AF50E300A509AC /* detail.png in Resources */,
			);
			runOnlyForDeploymentPostprocessing = 0;
		};
/* End PBXResourcesBuildPhase section */

/* Begin PBXSourcesBuildPhase section */
		34F2864324A527A100D7C509 /* Sources */ = {
			isa = PBXSourcesBuildPhase;
			buildActionMask = 2147483647;
			files = (
				34F2868924A6022D00D7C509 /* UIVIew.swift in Sources */,
				34C24DB924A62C00006AE65E /* ScoreTableViewCell.swift in Sources */,
				347F60BF24A64E670012BB7D /* AddViewController.swift in Sources */,
				34F2867324A5E87700D7C509 /* ScoreViewController.swift in Sources */,
				3427FAE324A9D4BA006AC3B7 /* Transfer.swift in Sources */,
				347F60B624A64D4A0012BB7D /* AddPresenter.swift in Sources */,
				34922EB424A8E64300F0AE9F /* ModuleTransitionable.swift in Sources */,
				34922EAB24A8BDC200F0AE9F /* AddTransactionRouter.swift in Sources */,
				34922EB724A8EBF800F0AE9F /* Date.swift in Sources */,
				34F2868F24A6120A00D7C509 /* TempBudgetStorageService.swift in Sources */,
				34F2868124A5F62100D7C509 /* ScoreRouter.swift in Sources */,
				3438738824AC87CA00010714 /* NetworkManager.swift in Sources */,
				34F2868B24A602F800D7C509 /* TempHistoryStorageService.swift in Sources */,
				34922EA924A8BDB800F0AE9F /* AddTransactionProtocols.swift in Sources */,
				347F60BA24A64DBA0012BB7D /* AddProtocols.swift in Sources */,
				3438738A24AC882D00010714 /* RequestBuilder.swift in Sources */,
				342E486824A7E94D004B39D3 /* TransactionPresenter.swift in Sources */,
				341C623024AF570F00A509AC /* PickColorView.swift in Sources */,
				34922EAE24A8BDCF00F0AE9F /* AddTransactionViewController.swift in Sources */,
				3427FAE624A9DF5E006AC3B7 /* TransactionFilter.swift in Sources */,
				34922EBC24A8F3B200F0AE9F /* TransactionTableViewCell.swift in Sources */,
				34F2867F24A5F59A00D7C509 /* ScorePresenter.swift in Sources */,
				347F60B824A64D7D0012BB7D /* AddConfigurator.swift in Sources */,
				3438738F24AC906C00010714 /* CurrencyRate.swift in Sources */,
				34F2867624A5EA7200D7C509 /* Protocols.swift in Sources */,
				342E487024A7ED2C004B39D3 /* TransactionConfigurator.swift in Sources */,
				342E486B24A7EB51004B39D3 /* TransactionViewController.swift in Sources */,
				34F2866D24A5E5FD00D7C509 /* Transaction.swift in Sources */,
				34F2866B24A5DA2F00D7C509 /* Currency.swift in Sources */,
				34F2869124A612BF00D7C509 /* Budget.swift in Sources */,
				34F2864B24A527A100D7C509 /* AppDelegate.swift in Sources */,
				34F2866F24A5E62E00D7C509 /* Category.swift in Sources */,
				3438739124ACAF0300010714 /* Double.swift in Sources */,
				341D2D2724A74AD1007C5979 /* UIColor.swift in Sources */,
				3438738D24AC8E8100010714 /* CurrencyConverter.swift in Sources */,
				341C622124AF3B9900A509AC /* String.swift in Sources */,
				34F2866224A52EC700D7C509 /* Support.swift in Sources */,
				347F60BC24A64E2B0012BB7D /* AddRouter.swift in Sources */,
				34922EA524A8BD9E00F0AE9F /* AddTransactionConfigurator.swift in Sources */,
				34F2868324A5F74900D7C509 /* ScoreConfigurator.swift in Sources */,
				342E486E24A7ECF1004B39D3 /* TransactionRouter.swift in Sources */,
				342E486624A7E91D004B39D3 /* TransactionProtocols.swift in Sources */,
				3467AD0724AB94D7002A706C /* Progress.swift in Sources */,
				34F2866924A5D74100D7C509 /* Score.swift in Sources */,
				34922EA724A8BDAE00F0AE9F /* AddTransactionPresenter.swift in Sources */,
				341C622524AF4D2300A509AC /* CustomTextField.swift in Sources */,
				341C623424AFAF8000A509AC /* DoubleFormatter.swift in Sources */,
			);
			runOnlyForDeploymentPostprocessing = 0;
		};
/* End PBXSourcesBuildPhase section */

/* Begin PBXVariantGroup section */
		34F2865024A527A100D7C509 /* Main.storyboard */ = {
			isa = PBXVariantGroup;
			children = (
				34F2865124A527A100D7C509 /* Base */,
			);
			name = Main.storyboard;
			sourceTree = "<group>";
		};
		34F2865524A527A400D7C509 /* LaunchScreen.storyboard */ = {
			isa = PBXVariantGroup;
			children = (
				34F2865624A527A400D7C509 /* Base */,
			);
			name = LaunchScreen.storyboard;
			sourceTree = "<group>";
		};
/* End PBXVariantGroup section */

/* Begin XCBuildConfiguration section */
		34F2865924A527A400D7C509 /* Debug */ = {
			isa = XCBuildConfiguration;
			buildSettings = {
				ALWAYS_SEARCH_USER_PATHS = NO;
				CLANG_ANALYZER_NONNULL = YES;
				CLANG_ANALYZER_NUMBER_OBJECT_CONVERSION = YES_AGGRESSIVE;
				CLANG_CXX_LANGUAGE_STANDARD = "gnu++14";
				CLANG_CXX_LIBRARY = "libc++";
				CLANG_ENABLE_MODULES = YES;
				CLANG_ENABLE_OBJC_ARC = YES;
				CLANG_ENABLE_OBJC_WEAK = YES;
				CLANG_WARN_BLOCK_CAPTURE_AUTORELEASING = YES;
				CLANG_WARN_BOOL_CONVERSION = YES;
				CLANG_WARN_COMMA = YES;
				CLANG_WARN_CONSTANT_CONVERSION = YES;
				CLANG_WARN_DEPRECATED_OBJC_IMPLEMENTATIONS = YES;
				CLANG_WARN_DIRECT_OBJC_ISA_USAGE = YES_ERROR;
				CLANG_WARN_DOCUMENTATION_COMMENTS = YES;
				CLANG_WARN_EMPTY_BODY = YES;
				CLANG_WARN_ENUM_CONVERSION = YES;
				CLANG_WARN_INFINITE_RECURSION = YES;
				CLANG_WARN_INT_CONVERSION = YES;
				CLANG_WARN_NON_LITERAL_NULL_CONVERSION = YES;
				CLANG_WARN_OBJC_IMPLICIT_RETAIN_SELF = YES;
				CLANG_WARN_OBJC_LITERAL_CONVERSION = YES;
				CLANG_WARN_OBJC_ROOT_CLASS = YES_ERROR;
				CLANG_WARN_RANGE_LOOP_ANALYSIS = YES;
				CLANG_WARN_STRICT_PROTOTYPES = YES;
				CLANG_WARN_SUSPICIOUS_MOVE = YES;
				CLANG_WARN_UNGUARDED_AVAILABILITY = YES_AGGRESSIVE;
				CLANG_WARN_UNREACHABLE_CODE = YES;
				CLANG_WARN__DUPLICATE_METHOD_MATCH = YES;
				COPY_PHASE_STRIP = NO;
				DEBUG_INFORMATION_FORMAT = dwarf;
				ENABLE_STRICT_OBJC_MSGSEND = YES;
				ENABLE_TESTABILITY = YES;
				GCC_C_LANGUAGE_STANDARD = gnu11;
				GCC_DYNAMIC_NO_PIC = NO;
				GCC_NO_COMMON_BLOCKS = YES;
				GCC_OPTIMIZATION_LEVEL = 0;
				GCC_PREPROCESSOR_DEFINITIONS = (
					"DEBUG=1",
					"$(inherited)",
				);
				GCC_WARN_64_TO_32_BIT_CONVERSION = YES;
				GCC_WARN_ABOUT_RETURN_TYPE = YES_ERROR;
				GCC_WARN_UNDECLARED_SELECTOR = YES;
				GCC_WARN_UNINITIALIZED_AUTOS = YES_AGGRESSIVE;
				GCC_WARN_UNUSED_FUNCTION = YES;
				GCC_WARN_UNUSED_VARIABLE = YES;
				IPHONEOS_DEPLOYMENT_TARGET = 11.4;
				MTL_ENABLE_DEBUG_INFO = INCLUDE_SOURCE;
				MTL_FAST_MATH = YES;
				ONLY_ACTIVE_ARCH = YES;
				SDKROOT = iphoneos;
				SWIFT_ACTIVE_COMPILATION_CONDITIONS = DEBUG;
				SWIFT_OPTIMIZATION_LEVEL = "-Onone";
			};
			name = Debug;
		};
		34F2865A24A527A400D7C509 /* Release */ = {
			isa = XCBuildConfiguration;
			buildSettings = {
				ALWAYS_SEARCH_USER_PATHS = NO;
				CLANG_ANALYZER_NONNULL = YES;
				CLANG_ANALYZER_NUMBER_OBJECT_CONVERSION = YES_AGGRESSIVE;
				CLANG_CXX_LANGUAGE_STANDARD = "gnu++14";
				CLANG_CXX_LIBRARY = "libc++";
				CLANG_ENABLE_MODULES = YES;
				CLANG_ENABLE_OBJC_ARC = YES;
				CLANG_ENABLE_OBJC_WEAK = YES;
				CLANG_WARN_BLOCK_CAPTURE_AUTORELEASING = YES;
				CLANG_WARN_BOOL_CONVERSION = YES;
				CLANG_WARN_COMMA = YES;
				CLANG_WARN_CONSTANT_CONVERSION = YES;
				CLANG_WARN_DEPRECATED_OBJC_IMPLEMENTATIONS = YES;
				CLANG_WARN_DIRECT_OBJC_ISA_USAGE = YES_ERROR;
				CLANG_WARN_DOCUMENTATION_COMMENTS = YES;
				CLANG_WARN_EMPTY_BODY = YES;
				CLANG_WARN_ENUM_CONVERSION = YES;
				CLANG_WARN_INFINITE_RECURSION = YES;
				CLANG_WARN_INT_CONVERSION = YES;
				CLANG_WARN_NON_LITERAL_NULL_CONVERSION = YES;
				CLANG_WARN_OBJC_IMPLICIT_RETAIN_SELF = YES;
				CLANG_WARN_OBJC_LITERAL_CONVERSION = YES;
				CLANG_WARN_OBJC_ROOT_CLASS = YES_ERROR;
				CLANG_WARN_RANGE_LOOP_ANALYSIS = YES;
				CLANG_WARN_STRICT_PROTOTYPES = YES;
				CLANG_WARN_SUSPICIOUS_MOVE = YES;
				CLANG_WARN_UNGUARDED_AVAILABILITY = YES_AGGRESSIVE;
				CLANG_WARN_UNREACHABLE_CODE = YES;
				CLANG_WARN__DUPLICATE_METHOD_MATCH = YES;
				COPY_PHASE_STRIP = NO;
				DEBUG_INFORMATION_FORMAT = "dwarf-with-dsym";
				ENABLE_NS_ASSERTIONS = NO;
				ENABLE_STRICT_OBJC_MSGSEND = YES;
				GCC_C_LANGUAGE_STANDARD = gnu11;
				GCC_NO_COMMON_BLOCKS = YES;
				GCC_WARN_64_TO_32_BIT_CONVERSION = YES;
				GCC_WARN_ABOUT_RETURN_TYPE = YES_ERROR;
				GCC_WARN_UNDECLARED_SELECTOR = YES;
				GCC_WARN_UNINITIALIZED_AUTOS = YES_AGGRESSIVE;
				GCC_WARN_UNUSED_FUNCTION = YES;
				GCC_WARN_UNUSED_VARIABLE = YES;
				IPHONEOS_DEPLOYMENT_TARGET = 11.4;
				MTL_ENABLE_DEBUG_INFO = NO;
				MTL_FAST_MATH = YES;
				SDKROOT = iphoneos;
				SWIFT_COMPILATION_MODE = wholemodule;
				SWIFT_OPTIMIZATION_LEVEL = "-O";
				VALIDATE_PRODUCT = YES;
			};
			name = Release;
		};
		34F2865C24A527A400D7C509 /* Debug */ = {
			isa = XCBuildConfiguration;
			buildSettings = {
				ASSETCATALOG_COMPILER_APPICON_NAME = AppIcon;
				CODE_SIGN_STYLE = Automatic;
				DEVELOPMENT_TEAM = K3MQUACZT9;
				INFOPLIST_FILE = myBudget/Application/Info.plist;
				IPHONEOS_DEPLOYMENT_TARGET = 11.4;
				LD_RUNPATH_SEARCH_PATHS = (
					"$(inherited)",
					"@executable_path/Frameworks",
				);
				PRODUCT_BUNDLE_IDENTIFIER = Test.myBudget;
				PRODUCT_NAME = "$(TARGET_NAME)";
				SWIFT_VERSION = 5.0;
				TARGETED_DEVICE_FAMILY = 1;
			};
			name = Debug;
		};
		34F2865D24A527A400D7C509 /* Release */ = {
			isa = XCBuildConfiguration;
			buildSettings = {
				ASSETCATALOG_COMPILER_APPICON_NAME = AppIcon;
				CODE_SIGN_STYLE = Automatic;
				DEVELOPMENT_TEAM = K3MQUACZT9;
				INFOPLIST_FILE = myBudget/Application/Info.plist;
				IPHONEOS_DEPLOYMENT_TARGET = 11.4;
				LD_RUNPATH_SEARCH_PATHS = (
					"$(inherited)",
					"@executable_path/Frameworks",
				);
				PRODUCT_BUNDLE_IDENTIFIER = Test.myBudget;
				PRODUCT_NAME = "$(TARGET_NAME)";
				SWIFT_VERSION = 5.0;
				TARGETED_DEVICE_FAMILY = 1;
			};
			name = Release;
		};
/* End XCBuildConfiguration section */

/* Begin XCConfigurationList section */
		34F2864224A527A100D7C509 /* Build configuration list for PBXProject "myBudget" */ = {
			isa = XCConfigurationList;
			buildConfigurations = (
				34F2865924A527A400D7C509 /* Debug */,
				34F2865A24A527A400D7C509 /* Release */,
			);
			defaultConfigurationIsVisible = 0;
			defaultConfigurationName = Release;
		};
		34F2865B24A527A400D7C509 /* Build configuration list for PBXNativeTarget "myBudget" */ = {
			isa = XCConfigurationList;
			buildConfigurations = (
				34F2865C24A527A400D7C509 /* Debug */,
				34F2865D24A527A400D7C509 /* Release */,
			);
			defaultConfigurationIsVisible = 0;
			defaultConfigurationName = Release;
		};
/* End XCConfigurationList section */
	};
	rootObject = 34F2863F24A527A100D7C509 /* Project object */;
}
